<Solution>
  <Folder Name="/src/">
    <Project Path="src/Ambio.Application/Ambio.Application.csproj" />
    <Project Path="src/Ambio.Domain/Ambio.Domain.csproj" />
    <Project Path="src/Ambio.Infrastructure/Ambio.Infrastructure.csproj" />
    <Project Path="src/Ambio.Web/Ambio.Web.csproj" />
  </Folder>
  <Folder Name="/tests/">
    <Project Path="tests/Ambio.Application.Tests/Ambio.Application.Tests.csproj" />
    <Project Path="tests/Ambio.Infrastructure.Tests/Ambio.Infrastructure.Tests.csproj" />
    <Project Path="tests/Ambio.Web.Tests/Ambio.Web.Tests.csproj" />
  </Folder>
</Solution>
